
Microsoft Visual Studio Solution File, Format Version 12.00
# Visual Studio Version 16
VisualStudioVersion = 16.0.29911.84
MinimumVisualStudioVersion = 10.0.40219.1
Project("{FAE04EC0-301F-11D3-BF4B-00C04F79EFBC}") = "ApplicationPortal", "ApplicationPortal\ApplicationPortal.csproj", "{407D1DEE-3BE7-4B2A-874A-9CD29CFAE099}"
EndProject
Global
	GlobalSection(SolutionConfigurationPlatforms) = preSolution
		Debug|Any CPU = Debug|Any CPU
		Release|Any CPU = Release|Any CPU
	EndGlobalSection
	GlobalSection(ProjectConfigurationPlatforms) = postSolution
		{407D1DEE-3BE7-4B2A-874A-9CD29CFAE099}.Debug|Any CPU.ActiveCfg = Debug|Any CPU
		{407D1DEE-3BE7-4B2A-874A-9CD29CFAE099}.Debug|Any CPU.Build.0 = Debug|Any CPU
		{407D1DEE-3BE7-4B2A-874A-9CD29CFAE099}.Release|Any CPU.ActiveCfg = Release|Any CPU
		{407D1DEE-3BE7-4B2A-874A-9CD29CFAE099}.Release|Any CPU.Build.0 = Release|Any CPU
	EndGlobalSection
	GlobalSection(SolutionProperties) = preSolution
		HideSolutionNode = FALSE
	EndGlobalSection
	GlobalSection(ExtensibilityGlobals) = postSolution
		SolutionGuid = {6879400B-703B-4189-983E-68D6055989F4}
	EndGlobalSection
EndGlobal
